// !$*UTF8*$!
{
	archiveVersion = 1;
	classes = {
	};
	objectVersion = 50;
	objects = {

/* Begin PBXBuildFile section */
		5589F42622EF9A2500567448 /* AppDelegate.swift in Sources */ = {isa = PBXBuildFile; fileRef = 5589F42522EF9A2500567448 /* AppDelegate.swift */; };
		5589F42822EF9A2500567448 /* ViewController.swift in Sources */ = {isa = PBXBuildFile; fileRef = 5589F42722EF9A2500567448 /* ViewController.swift */; };
		5589F42B22EF9A2500567448 /* Main.storyboard in Resources */ = {isa = PBXBuildFile; fileRef = 5589F42922EF9A2500567448 /* Main.storyboard */; };
		5589F42D22EF9A3700567448 /* Assets.xcassets in Resources */ = {isa = PBXBuildFile; fileRef = 5589F42C22EF9A3700567448 /* Assets.xcassets */; };
		5589F43022EF9A3700567448 /* LaunchScreen.storyboard in Resources */ = {isa = PBXBuildFile; fileRef = 5589F42E22EF9A3700567448 /* LaunchScreen.storyboard */; };
		5589F43B22EF9A3800567448 /* FirstGitTests.swift in Sources */ = {isa = PBXBuildFile; fileRef = 5589F43A22EF9A3800567448 /* FirstGitTests.swift */; };
		5589F44622EF9A3800567448 /* FirstGitUITests.swift in Sources */ = {isa = PBXBuildFile; fileRef = 5589F44522EF9A3800567448 /* FirstGitUITests.swift */; };
/* End PBXBuildFile section */

/* Begin PBXContainerItemProxy section */
		5589F43722EF9A3800567448 /* PBXContainerItemProxy */ = {
			isa = PBXContainerItemProxy;
			containerPortal = 5589F41A22EF9A2500567448 /* Project object */;
			proxyType = 1;
			remoteGlobalIDString = 5589F42122EF9A2500567448;
			remoteInfo = FirstGit;
		};
		5589F44222EF9A3800567448 /* PBXContainerItemProxy */ = {
			isa = PBXContainerItemProxy;
			containerPortal = 5589F41A22EF9A2500567448 /* Project object */;
			proxyType = 1;
			remoteGlobalIDString = 5589F42122EF9A2500567448;
			remoteInfo = FirstGit;
		};
/* End PBXContainerItemProxy section */

/* Begin PBXFileReference section */
		5589F42222EF9A2500567448 /* FirstGit.app */ = {isa = PBXFileReference; explicitFileType = wrapper.application; includeInIndex = 0; path = FirstGit.app; sourceTree = BUILT_PRODUCTS_DIR; };
		5589F42522EF9A2500567448 /* AppDelegate.swift */ = {isa = PBXFileReference; lastKnownFileType = sourcecode.swift; path = AppDelegate.swift; sourceTree = "<group>"; };
		5589F42722EF9A2500567448 /* ViewController.swift */ = {isa = PBXFileReference; lastKnownFileType = sourcecode.swift; path = ViewController.swift; sourceTree = "<group>"; };
		5589F42A22EF9A2500567448 /* Base */ = {isa = PBXFileReference; lastKnownFileType = file.storyboard; name = Base; path = Base.lproj/Main.storyboard; sourceTree = "<group>"; };
		5589F42C22EF9A3700567448 /* Assets.xcassets */ = {isa = PBXFileReference; lastKnownFileType = folder.assetcatalog; path = Assets.xcassets; sourceTree = "<group>"; };
		5589F42F22EF9A3700567448 /* Base */ = {isa = PBXFileReference; lastKnownFileType = file.storyboard; name = Base; path = Base.lproj/LaunchScreen.storyboard; sourceTree = "<group>"; };
		5589F43122EF9A3700567448 /* Info.plist */ = {isa = PBXFileReference; lastKnownFileType = text.plist.xml; path = Info.plist; sourceTree = "<group>"; };
		5589F43622EF9A3800567448 /* FirstGitTests.xctest */ = {isa = PBXFileReference; explicitFileType = wrapper.cfbundle; includeInIndex = 0; path = FirstGitTests.xctest; sourceTree = BUILT_PRODUCTS_DIR; };
		5589F43A22EF9A3800567448 /* FirstGitTests.swift */ = {isa = PBXFileReference; lastKnownFileType = sourcecode.swift; path = FirstGitTests.swift; sourceTree = "<group>"; };
		5589F43C22EF9A3800567448 /* Info.plist */ = {isa = PBXFileReference; lastKnownFileType = text.plist.xml; path = Info.plist; sourceTree = "<group>"; };
		5589F44122EF9A3800567448 /* FirstGitUITests.xctest */ = {isa = PBXFileReference; explicitFileType = wrapper.cfbundle; includeInIndex = 0; path = FirstGitUITests.xctest; sourceTree = BUILT_PRODUCTS_DIR; };
		5589F44522EF9A3800567448 /* FirstGitUITests.swift */ = {isa = PBXFileReference; lastKnownFileType = sourcecode.swift; path = FirstGitUITests.swift; sourceTree = "<group>"; };
		5589F44722EF9A3800567448 /* Info.plist */ = {isa = PBXFileReference; lastKnownFileType = text.plist.xml; path = Info.plist; sourceTree = "<group>"; };
/* End PBXFileReference section */

/* Begin PBXFrameworksBuildPhase section */
		5589F41F22EF9A2500567448 /* Frameworks */ = {
			isa = PBXFrameworksBuildPhase;
			buildActionMask = 2147483647;
			files = (
			);
			runOnlyForDeploymentPostprocessing = 0;
		};
		5589F43322EF9A3800567448 /* Frameworks */ = {
			isa = PBXFrameworksBuildPhase;
			buildActionMask = 2147483647;
			files = (
			);
			runOnlyForDeploymentPostprocessing = 0;
		};
		5589F43E22EF9A3800567448 /* Frameworks */ = {
			isa = PBXFrameworksBuildPhase;
			buildActionMask = 2147483647;
			files = (
			);
			runOnlyForDeploymentPostprocessing = 0;
		};
/* End PBXFrameworksBuildPhase section */

/* Begin PBXGroup section */
		5589F41922EF9A2500567448 = {
			isa = PBXGroup;
			children = (
				5589F42422EF9A2500567448 /* FirstGit */,
				5589F43922EF9A3800567448 /* FirstGitTests */,
				5589F44422EF9A3800567448 /* FirstGitUITests */,
				5589F42322EF9A2500567448 /* Products */,
			);
			sourceTree = "<group>";
		};
		5589F42322EF9A2500567448 /* Products */ = {
			isa = PBXGroup;
			children = (
				5589F42222EF9A2500567448 /* FirstGit.app */,
				5589F43622EF9A3800567448 /* FirstGitTests.xctest */,
				5589F44122EF9A3800567448 /* FirstGitUITests.xctest */,
			);
			name = Products;
			sourceTree = "<group>";
		};
		5589F42422EF9A2500567448 /* FirstGit */ = {
			isa = PBXGroup;
			children = (
				5589F42522EF9A2500567448 /* AppDelegate.swift */,
				5589F42722EF9A2500567448 /* ViewController.swift */,
				5589F42922EF9A2500567448 /* Main.storyboard */,
				5589F42C22EF9A3700567448 /* Assets.xcassets */,
				5589F42E22EF9A3700567448 /* LaunchScreen.storyboard */,
				5589F43122EF9A3700567448 /* Info.plist */,
			);
			path = FirstGit;
			sourceTree = "<group>";
		};
		5589F43922EF9A3800567448 /* FirstGitTests */ = {
			isa = PBXGroup;
			children = (
				5589F43A22EF9A3800567448 /* FirstGitTests.swift */,
				5589F43C22EF9A3800567448 /* Info.plist */,
			);
			path = FirstGitTests;
			sourceTree = "<group>";
		};
		5589F44422EF9A3800567448 /* FirstGitUITests */ = {
			isa = PBXGroup;
			children = (
				5589F44522EF9A3800567448 /* FirstGitUITests.swift */,
				5589F44722EF9A3800567448 /* Info.plist */,
			);
			path = FirstGitUITests;
			sourceTree = "<group>";
		};
/* End PBXGroup section */

/* Begin PBXNativeTarget section */
		5589F42122EF9A2500567448 /* FirstGit */ = {
			isa = PBXNativeTarget;
			buildConfigurationList = 5589F44A22EF9A3800567448 /* Build configuration list for PBXNativeTarget "FirstGit" */;
			buildPhases = (
				5589F41E22EF9A2500567448 /* Sources */,
				5589F41F22EF9A2500567448 /* Frameworks */,
				5589F42022EF9A2500567448 /* Resources */,
			);
			buildRules = (
			);
			dependencies = (
			);
			name = FirstGit;
			productName = FirstGit;
			productReference = 5589F42222EF9A2500567448 /* FirstGit.app */;
			productType = "com.apple.product-type.application";
		};
		5589F43522EF9A3800567448 /* FirstGitTests */ = {
			isa = PBXNativeTarget;
			buildConfigurationList = 5589F44D22EF9A3800567448 /* Build configuration list for PBXNativeTarget "FirstGitTests" */;
			buildPhases = (
				5589F43222EF9A3800567448 /* Sources */,
				5589F43322EF9A3800567448 /* Frameworks */,
				5589F43422EF9A3800567448 /* Resources */,
			);
			buildRules = (
			);
			dependencies = (
				5589F43822EF9A3800567448 /* PBXTargetDependency */,
			);
			name = FirstGitTests;
			productName = FirstGitTests;
			productReference = 5589F43622EF9A3800567448 /* FirstGitTests.xctest */;
			productType = "com.apple.product-type.bundle.unit-test";
		};
		5589F44022EF9A3800567448 /* FirstGitUITests */ = {
			isa = PBXNativeTarget;
			buildConfigurationList = 5589F45022EF9A3800567448 /* Build configuration list for PBXNativeTarget "FirstGitUITests" */;
			buildPhases = (
				5589F43D22EF9A3800567448 /* Sources */,
				5589F43E22EF9A3800567448 /* Frameworks */,
				5589F43F22EF9A3800567448 /* Resources */,
			);
			buildRules = (
			);
			dependencies = (
				5589F44322EF9A3800567448 /* PBXTargetDependency */,
			);
			name = FirstGitUITests;
			productName = FirstGitUITests;
			productReference = 5589F44122EF9A3800567448 /* FirstGitUITests.xctest */;
			productType = "com.apple.product-type.bundle.ui-testing";
		};
/* End PBXNativeTarget section */

/* Begin PBXProject section */
		5589F41A22EF9A2500567448 /* Project object */ = {
			isa = PBXProject;
			attributes = {
				LastSwiftUpdateCheck = 0940;
				LastUpgradeCheck = 0940;
				ORGANIZATIONNAME = "Jan Coosemans";
				TargetAttributes = {
					5589F42122EF9A2500567448 = {
						CreatedOnToolsVersion = 9.4.1;
					};
					5589F43522EF9A3800567448 = {
						CreatedOnToolsVersion = 9.4.1;
						TestTargetID = 5589F42122EF9A2500567448;
					};
					5589F44022EF9A3800567448 = {
						CreatedOnToolsVersion = 9.4.1;
						TestTargetID = 5589F42122EF9A2500567448;
					};
				};
			};
			buildConfigurationList = 5589F41D22EF9A2500567448 /* Build configuration list for PBXProject "FirstGit" */;
			compatibilityVersion = "Xcode 9.3";
			developmentRegion = en;
			hasScannedForEncodings = 0;
			knownRegions = (
				en,
				Base,
			);
			mainGroup = 5589F41922EF9A2500567448;
			productRefGroup = 5589F42322EF9A2500567448 /* Products */;
			projectDirPath = "";
			projectRoot = "";
			targets = (
				5589F42122EF9A2500567448 /* FirstGit */,
				5589F43522EF9A3800567448 /* FirstGitTests */,
				5589F44022EF9A3800567448 /* FirstGitUITests */,
			);
		};
/* End PBXProject section */

/* Begin PBXResourcesBuildPhase section */
		5589F42022EF9A2500567448 /* Resources */ = {
			isa = PBXResourcesBuildPhase;
			buildActionMask = 2147483647;
			files = (
				5589F43022EF9A3700567448 /* LaunchScreen.storyboard in Resources */,
				5589F42D22EF9A3700567448 /* Assets.xcassets in Resources */,
				5589F42B22EF9A2500567448 /* Main.storyboard in Resources */,
			);
			runOnlyForDeploymentPostprocessing = 0;
		};
		5589F43422EF9A3800567448 /* Resources */ = {
			isa = PBXResourcesBuildPhase;
			buildActionMask = 2147483647;
			files = (
			);
			runOnlyForDeploymentPostprocessing = 0;
		};
		5589F43F22EF9A3800567448 /* Resources */ = {
			isa = PBXResourcesBuildPhase;
			buildActionMask = 2147483647;
			files = (
			);
			runOnlyForDeploymentPostprocessing = 0;
		};
/* End PBXResourcesBuildPhase section */

/* Begin PBXSourcesBuildPhase section */
		5589F41E22EF9A2500567448 /* Sources */ = {
			isa = PBXSourcesBuildPhase;
			buildActionMask = 2147483647;
			files = (
				5589F42822EF9A2500567448 /* ViewController.swift in Sources */,
				5589F42622EF9A2500567448 /* AppDelegate.swift in Sources */,
			);
			runOnlyForDeploymentPostprocessing = 0;
		};
		5589F43222EF9A3800567448 /* Sources */ = {
			isa = PBXSourcesBuildPhase;
			buildActionMask = 2147483647;
			files = (
				5589F43B22EF9A3800567448 /* FirstGitTests.swift in Sources */,
			);
			runOnlyForDeploymentPostprocessing = 0;
		};
		5589F43D22EF9A3800567448 /* Sources */ = {
			isa = PBXSourcesBuildPhase;
			buildActionMask = 2147483647;
			files = (
				5589F44622EF9A3800567448 /* FirstGitUITests.swift in Sources */,
			);
			runOnlyForDeploymentPostprocessing = 0;
		};
/* End PBXSourcesBuildPhase section */

/* Begin PBXTargetDependency section */
		5589F43822EF9A3800567448 /* PBXTargetDependency */ = {
			isa = PBXTargetDependency;
			target = 5589F42122EF9A2500567448 /* FirstGit */;
			targetProxy = 5589F43722EF9A3800567448 /* PBXContainerItemProxy */;
		};
		5589F44322EF9A3800567448 /* PBXTargetDependency */ = {
			isa = PBXTargetDependency;
			target = 5589F42122EF9A2500567448 /* FirstGit */;
			targetProxy = 5589F44222EF9A3800567448 /* PBXContainerItemProxy */;
		};
/* End PBXTargetDependency section */

/* Begin PBXVariantGroup section */
		5589F42922EF9A2500567448 /* Main.storyboard */ = {
			isa = PBXVariantGroup;
			children = (
				5589F42A22EF9A2500567448 /* Base */,
			);
			name = Main.storyboard;
			sourceTree = "<group>";
		};
		5589F42E22EF9A3700567448 /* LaunchScreen.storyboard */ = {
			isa = PBXVariantGroup;
			children = (
				5589F42F22EF9A3700567448 /* Base */,
			);
			name = LaunchScreen.storyboard;
			sourceTree = "<group>";
		};
/* End PBXVariantGroup section */

/* Begin XCBuildConfiguration section */
		5589F44822EF9A3800567448 /* Debug */ = {
			isa = XCBuildConfiguration;
			buildSettings = {
				ALWAYS_SEARCH_USER_PATHS = NO;
				CLANG_ANALYZER_NONNULL = YES;
				CLANG_ANALYZER_NUMBER_OBJECT_CONVERSION = YES_AGGRESSIVE;
				CLANG_CXX_LANGUAGE_STANDARD = "gnu++14";
				CLANG_CXX_LIBRARY = "libc++";
				CLANG_ENABLE_MODULES = YES;
				CLANG_ENABLE_OBJC_ARC = YES;
				CLANG_ENABLE_OBJC_WEAK = YES;
				CLANG_WARN_BLOCK_CAPTURE_AUTORELEASING = YES;
				CLANG_WARN_BOOL_CONVERSION = YES;
				CLANG_WARN_COMMA = YES;
				CLANG_WARN_CONSTANT_CONVERSION = YES;
				CLANG_WARN_DEPRECATED_OBJC_IMPLEMENTATIONS = YES;
				CLANG_WARN_DIRECT_OBJC_ISA_USAGE = YES_ERROR;
				CLANG_WARN_DOCUMENTATION_COMMENTS = YES;
				CLANG_WARN_EMPTY_BODY = YES;
				CLANG_WARN_ENUM_CONVERSION = YES;
				CLANG_WARN_INFINITE_RECURSION = YES;
				CLANG_WARN_INT_CONVERSION = YES;
				CLANG_WARN_NON_LITERAL_NULL_CONVERSION = YES;
				CLANG_WARN_OBJC_IMPLICIT_RETAIN_SELF = YES;
				CLANG_WARN_OBJC_LITERAL_CONVERSION = YES;
				CLANG_WARN_OBJC_ROOT_CLASS = YES_ERROR;
				CLANG_WARN_RANGE_LOOP_ANALYSIS = YES;
				CLANG_WARN_STRICT_PROTOTYPES = YES;
				CLANG_WARN_SUSPICIOUS_MOVE = YES;
				CLANG_WARN_UNGUARDED_AVAILABILITY = YES_AGGRESSIVE;
				CLANG_WARN_UNREACHABLE_CODE = YES;
				CLANG_WARN__DUPLICATE_METHOD_MATCH = YES;
				CODE_SIGN_IDENTITY = "iPhone Developer";
				COPY_PHASE_STRIP = NO;
				DEBUG_INFORMATION_FORMAT = dwarf;
				ENABLE_STRICT_OBJC_MSGSEND = YES;
				ENABLE_TESTABILITY = YES;
				GCC_C_LANGUAGE_STANDARD = gnu11;
				GCC_DYNAMIC_NO_PIC = NO;
				GCC_NO_COMMON_BLOCKS = YES;
				GCC_OPTIMIZATION_LEVEL = 0;
				GCC_PREPROCESSOR_DEFINITIONS = (
					"DEBUG=1",
					"$(inherited)",
				);
				GCC_WARN_64_TO_32_BIT_CONVERSION = YES;
				GCC_WARN_ABOUT_RETURN_TYPE = YES_ERROR;
				GCC_WARN_UNDECLARED_SELECTOR = YES;
				GCC_WARN_UNINITIALIZED_AUTOS = YES_AGGRESSIVE;
				GCC_WARN_UNUSED_FUNCTION = YES;
				GCC_WARN_UNUSED_VARIABLE = YES;
				IPHONEOS_DEPLOYMENT_TARGET = 11.4;
				MTL_ENABLE_DEBUG_INFO = YES;
				ONLY_ACTIVE_ARCH = YES;
				SDKROOT = iphoneos;
				SWIFT_ACTIVE_COMPILATION_CONDITIONS = DEBUG;
				SWIFT_OPTIMIZATION_LEVEL = "-Onone";
			};
			name = Debug;
		};
		5589F44922EF9A3800567448 /* Release */ = {
			isa = XCBuildConfiguration;
			buildSettings = {
				ALWAYS_SEARCH_USER_PATHS = NO;
				CLANG_ANALYZER_NONNULL = YES;
				CLANG_ANALYZER_NUMBER_OBJECT_CONVERSION = YES_AGGRESSIVE;
				CLANG_CXX_LANGUAGE_STANDARD = "gnu++14";
				CLANG_CXX_LIBRARY = "libc++";
				CLANG_ENABLE_MODULES = YES;
				CLANG_ENABLE_OBJC_ARC = YES;
				CLANG_ENABLE_OBJC_WEAK = YES;
				CLANG_WARN_BLOCK_CAPTURE_AUTORELEASING = YES;
				CLANG_WARN_BOOL_CONVERSION = YES;
				CLANG_WARN_COMMA = YES;
				CLANG_WARN_CONSTANT_CONVERSION = YES;
				CLANG_WARN_DEPRECATED_OBJC_IMPLEMENTATIONS = YES;
				CLANG_WARN_DIRECT_OBJC_ISA_USAGE = YES_ERROR;
				CLANG_WARN_DOCUMENTATION_COMMENTS = YES;
				CLANG_WARN_EMPTY_BODY = YES;
				CLANG_WARN_ENUM_CONVERSION = YES;
				CLANG_WARN_INFINITE_RECURSION = YES;
				CLANG_WARN_INT_CONVERSION = YES;
				CLANG_WARN_NON_LITERAL_NULL_CONVERSION = YES;
				CLANG_WARN_OBJC_IMPLICIT_RETAIN_SELF = YES;
				CLANG_WARN_OBJC_LITERAL_CONVERSION = YES;
				CLANG_WARN_OBJC_ROOT_CLASS = YES_ERROR;
				CLANG_WARN_RANGE_LOOP_ANALYSIS = YES;
				CLANG_WARN_STRICT_PROTOTYPES = YES;
				CLANG_WARN_SUSPICIOUS_MOVE = YES;
				CLANG_WARN_UNGUARDED_AVAILABILITY = YES_AGGRESSIVE;
				CLANG_WARN_UNREACHABLE_CODE = YES;
				CLANG_WARN__DUPLICATE_METHOD_MATCH = YES;
				CODE_SIGN_IDENTITY = "iPhone Developer";
				COPY_PHASE_STRIP = NO;
				DEBUG_INFORMATION_FORMAT = "dwarf-with-dsym";
				ENABLE_NS_ASSERTIONS = NO;
				ENABLE_STRICT_OBJC_MSGSEND = YES;
				GCC_C_LANGUAGE_STANDARD = gnu11;
				GCC_NO_COMMON_BLOCKS = YES;
				GCC_WARN_64_TO_32_BIT_CONVERSION = YES;
				GCC_WARN_ABOUT_RETURN_TYPE = YES_ERROR;
				GCC_WARN_UNDECLARED_SELECTOR = YES;
				GCC_WARN_UNINITIALIZED_AUTOS = YES_AGGRESSIVE;
				GCC_WARN_UNUSED_FUNCTION = YES;
				GCC_WARN_UNUSED_VARIABLE = YES;
				IPHONEOS_DEPLOYMENT_TARGET = 11.4;
				MTL_ENABLE_DEBUG_INFO = NO;
				SDKROOT = iphoneos;
				SWIFT_COMPILATION_MODE = wholemodule;
				SWIFT_OPTIMIZATION_LEVEL = "-O";
				VALIDATE_PRODUCT = YES;
			};
			name = Release;
		};
		5589F44B22EF9A3800567448 /* Debug */ = {
			isa = XCBuildConfiguration;
			buildSettings = {
				ASSETCATALOG_COMPILER_APPICON_NAME = AppIcon;
				CODE_SIGN_STYLE = Automatic;
				INFOPLIST_FILE = FirstGit/Info.plist;
				LD_RUNPATH_SEARCH_PATHS = (
					"$(inherited)",
					"@executable_path/Frameworks",
				);
				PRODUCT_BUNDLE_IDENTIFIER = Myself.FirstGit;
				PRODUCT_NAME = "$(TARGET_NAME)";
				SWIFT_VERSION = 4.0;
				TARGETED_DEVICE_FAMILY = "1,2";
			};
			name = Debug;
		};
		5589F44C22EF9A3800567448 /* Release */ = {
			isa = XCBuildConfiguration;
			buildSettings = {
				ASSETCATALOG_COMPILER_APPICON_NAME = AppIcon;
				CODE_SIGN_STYLE = Automatic;
				INFOPLIST_FILE = FirstGit/Info.plist;
				LD_RUNPATH_SEARCH_PATHS = (
					"$(inherited)",
					"@executable_path/Frameworks",
				);
				PRODUCT_BUNDLE_IDENTIFIER = Myself.FirstGit;
				PRODUCT_NAME = "$(TARGET_NAME)";
				SWIFT_VERSION = 4.0;
				TARGETED_DEVICE_FAMILY = "1,2";
			};
			name = Release;
		};
		5589F44E22EF9A3800567448 /* Debug */ = {
			isa = XCBuildConfiguration;
			buildSettings = {
				ALWAYS_EMBED_SWIFT_STANDARD_LIBRARIES = YES;
				BUNDLE_LOADER = "$(TEST_HOST)";
				CODE_SIGN_STYLE = Automatic;
				INFOPLIST_FILE = FirstGitTests/Info.plist;
				LD_RUNPATH_SEARCH_PATHS = (
					"$(inherited)",
					"@executable_path/Frameworks",
					"@loader_path/Frameworks",
				);
				PRODUCT_BUNDLE_IDENTIFIER = Myself.FirstGitTests;
				PRODUCT_NAME = "$(TARGET_NAME)";
				SWIFT_VERSION = 4.0;
				TARGETED_DEVICE_FAMILY = "1,2";
				TEST_HOST = "$(BUILT_PRODUCTS_DIR)/FirstGit.app/FirstGit";
			};
			name = Debug;
		};
		5589F44F22EF9A3800567448 /* Release */ = {
			isa = XCBuildConfiguration;
			buildSettings = {
				ALWAYS_EMBED_SWIFT_STANDARD_LIBRARIES = YES;
				BUNDLE_LOADER = "$(TEST_HOST)";
				CODE_SIGN_STYLE = Automatic;
				INFOPLIST_FILE = FirstGitTests/Info.plist;
				LD_RUNPATH_SEARCH_PATHS = (
					"$(inherited)",
					"@executable_path/Frameworks",
					"@loader_path/Frameworks",
				);
				PRODUCT_BUNDLE_IDENTIFIER = Myself.FirstGitTests;
				PRODUCT_NAME = "$(TARGET_NAME)";
				SWIFT_VERSION = 4.0;
				TARGETED_DEVICE_FAMILY = "1,2";
				TEST_HOST = "$(BUILT_PRODUCTS_DIR)/FirstGit.app/FirstGit";
			};
			name = Release;
		};
		5589F45122EF9A3800567448 /* Debug */ = {
			isa = XCBuildConfiguration;
			buildSettings = {
				ALWAYS_EMBED_SWIFT_STANDARD_LIBRARIES = YES;
				CODE_SIGN_STYLE = Automatic;
				INFOPLIST_FILE = FirstGitUITests/Info.plist;
				LD_RUNPATH_SEARCH_PATHS = (
					"$(inherited)",
					"@executable_path/Frameworks",
					"@loader_path/Frameworks",
				);
				PRODUCT_BUNDLE_IDENTIFIER = Myself.FirstGitUITests;
				PRODUCT_NAME = "$(TARGET_NAME)";
				SWIFT_VERSION = 4.0;
				TARGETED_DEVICE_FAMILY = "1,2";
				TEST_TARGET_NAME = FirstGit;
			};
			name = Debug;
		};
		5589F45222EF9A3800567448 /* Release */ = {
			isa = XCBuildConfiguration;
			buildSettings = {
				ALWAYS_EMBED_SWIFT_STANDARD_LIBRARIES = YES;
				CODE_SIGN_STYLE = Automatic;
				INFOPLIST_FILE = FirstGitUITests/Info.plist;
				LD_RUNPATH_SEARCH_PATHS = (
					"$(inherited)",
					"@executable_path/Frameworks",
					"@loader_path/Frameworks",
				);
				PRODUCT_BUNDLE_IDENTIFIER = Myself.FirstGitUITests;
				PRODUCT_NAME = "$(TARGET_NAME)";
				SWIFT_VERSION = 4.0;
				TARGETED_DEVICE_FAMILY = "1,2";
				TEST_TARGET_NAME = FirstGit;
			};
			name = Release;
		};
/* End XCBuildConfiguration section */

/* Begin XCConfigurationList section */
		5589F41D22EF9A2500567448 /* Build configuration list for PBXProject "FirstGit" */ = {
			isa = XCConfigurationList;
			buildConfigurations = (
				5589F44822EF9A3800567448 /* Debug */,
				5589F44922EF9A3800567448 /* Release */,
			);
			defaultConfigurationIsVisible = 0;
			defaultConfigurationName = Release;
		};
		5589F44A22EF9A3800567448 /* Build configuration list for PBXNativeTarget "FirstGit" */ = {
			isa = XCConfigurationList;
			buildConfigurations = (
				5589F44B22EF9A3800567448 /* Debug */,
				5589F44C22EF9A3800567448 /* Release */,
			);
			defaultConfigurationIsVisible = 0;
			defaultConfigurationName = Release;
		};
		5589F44D22EF9A3800567448 /* Build configuration list for PBXNativeTarget "FirstGitTests" */ = {
			isa = XCConfigurationList;
			buildConfigurations = (
				5589F44E22EF9A3800567448 /* Debug */,
				5589F44F22EF9A3800567448 /* Release */,
			);
			defaultConfigurationIsVisible = 0;
			defaultConfigurationName = Release;
		};
		5589F45022EF9A3800567448 /* Build configuration list for PBXNativeTarget "FirstGitUITests" */ = {
			isa = XCConfigurationList;
			buildConfigurations = (
				5589F45122EF9A3800567448 /* Debug */,
				5589F45222EF9A3800567448 /* Release */,
			);
			defaultConfigurationIsVisible = 0;
			defaultConfigurationName = Release;
		};
/* End XCConfigurationList section */
	};
	rootObject = 5589F41A22EF9A2500567448 /* Project object */;
}
